// !$*UTF8*$!
{
	archiveVersion = 1;
	classes = {
	};
	objectVersion = 56;
	objects = {

/* Begin PBXBuildFile section */
		83CBBA201A601CBA00E9B192 /* App.swift in Sources */ = {isa = PBXBuildFile; fileRef = 83CBBA101A601CBA00E9B192 /* App.swift */; };
		83CBBA211A601CBA00E9B192 /* ContentView.swift in Sources */ = {isa = PBXBuildFile; fileRef = 83CBBA111A601CBA00E9B192 /* ContentView.swift */; };
		83CBBA221A601CBA00E9B192 /* ViewModel.swift in Sources */ = {isa = PBXBuildFile; fileRef = 83CBBA121A601CBA00E9B192 /* ViewModel.swift */; };
		83CBBA231A601CBA00E9B192 /* RTMifyBridge.swift in Sources */ = {isa = PBXBuildFile; fileRef = 83CBBA131A601CBA00E9B192 /* RTMifyBridge.swift */; };
		83CBBA241A601CBA00E9B192 /* LicenseGateView.swift in Sources */ = {isa = PBXBuildFile; fileRef = 83CBBA141A601CBA00E9B192 /* LicenseGateView.swift */; };
		83CBBA251A601CBA00E9B192 /* DropZoneView.swift in Sources */ = {isa = PBXBuildFile; fileRef = 83CBBA151A601CBA00E9B192 /* DropZoneView.swift */; };
		83CBBA261A601CBA00E9B192 /* DoneView.swift in Sources */ = {isa = PBXBuildFile; fileRef = 83CBBA161A601CBA00E9B192 /* DoneView.swift */; };
		83CBBA271A601CBA00E9B192 /* librtmify.a in Frameworks */ = {isa = PBXBuildFile; fileRef = 83CBBA1A1A601CBA00E9B192 /* librtmify.a */; };
		83CBBA281A601CBA00E9B192 /* Assets.xcassets in Resources */ = {isa = PBXBuildFile; fileRef = 83CBBA191A601CBA00E9B192 /* Assets.xcassets */; };
/* End PBXBuildFile section */

/* Begin PBXFileReference section */
		83CBBA101A601CBA00E9B192 /* App.swift */ = {isa = PBXFileReference; lastKnownFileType = sourcecode.swift; path = "App.swift"; sourceTree = "<group>"; };
		83CBBA111A601CBA00E9B192 /* ContentView.swift */ = {isa = PBXFileReference; lastKnownFileType = sourcecode.swift; path = "ContentView.swift"; sourceTree = "<group>"; };
		83CBBA121A601CBA00E9B192 /* ViewModel.swift */ = {isa = PBXFileReference; lastKnownFileType = sourcecode.swift; path = "ViewModel.swift"; sourceTree = "<group>"; };
		83CBBA131A601CBA00E9B192 /* RTMifyBridge.swift */ = {isa = PBXFileReference; lastKnownFileType = sourcecode.swift; path = "RTMifyBridge.swift"; sourceTree = "<group>"; };
		83CBBA141A601CBA00E9B192 /* LicenseGateView.swift */ = {isa = PBXFileReference; lastKnownFileType = sourcecode.swift; path = "LicenseGateView.swift"; sourceTree = "<group>"; };
		83CBBA151A601CBA00E9B192 /* DropZoneView.swift */ = {isa = PBXFileReference; lastKnownFileType = sourcecode.swift; path = "DropZoneView.swift"; sourceTree = "<group>"; };
		83CBBA161A601CBA00E9B192 /* DoneView.swift */ = {isa = PBXFileReference; lastKnownFileType = sourcecode.swift; path = "DoneView.swift"; sourceTree = "<group>"; };
		83CBBA171A601CBA00E9B192 /* rtmify-bridge.h */ = {isa = PBXFileReference; lastKnownFileType = sourcecode.c.h; path = "rtmify-bridge.h"; sourceTree = "<group>"; };
		83CBBA181A601CBA00E9B192 /* Info.plist */ = {isa = PBXFileReference; lastKnownFileType = text.plist.xml; path = "Info.plist"; sourceTree = "<group>"; };
		83CBBA191A601CBA00E9B192 /* Assets.xcassets */ = {isa = PBXFileReference; lastKnownFileType = folder.assetcatalog; path = "Assets.xcassets"; sourceTree = "<group>"; };
		83CBBA1A1A601CBA00E9B192 /* librtmify.a */ = {isa = PBXFileReference; lastKnownFileType = archive.ar; name = "librtmify.a"; path = "lib/librtmify.a"; sourceTree = "<group>"; };
		83CBBA1B1A601CBA00E9B192 /* RTMify Trace.app */ = {isa = PBXFileReference; explicitFileType = wrapper.application; includeInIndex = 0; path = "RTMify Trace.app"; sourceTree = BUILT_PRODUCTS_DIR; };
/* End PBXFileReference section */

/* Begin PBXFrameworksBuildPhase section */
		83CBBA011A601CBA00E9B192 /* Frameworks */ = {
			isa = PBXFrameworksBuildPhase;
			buildActionMask = 2147483647;
			files = (
				83CBBA271A601CBA00E9B192 /* librtmify.a in Frameworks */,
			);
			runOnlyForDeploymentPostprocessing = 0;
		};
/* End PBXFrameworksBuildPhase section */

/* Begin PBXGroup section */
		83CBBA031A601CBA00E9B192 /* / */ = {
			isa = PBXGroup;
			children = (
				83CBBA051A601CBA00E9B192 /* RTMify Trace */,
				83CBBA061A601CBA00E9B192 /* Frameworks */,
				83CBBA041A601CBA00E9B192 /* Products */,
			);
			sourceTree = "<group>";
		};
		83CBBA041A601CBA00E9B192 /* Products */ = {
			isa = PBXGroup;
			children = (
				83CBBA1B1A601CBA00E9B192 /* RTMify Trace.app */,
			);
			name = Products;
			sourceTree = "<group>";
		};
		83CBBA051A601CBA00E9B192 /* RTMify Trace */ = {
			isa = PBXGroup;
			children = (
				83CBBA101A601CBA00E9B192 /* App.swift */,
				83CBBA111A601CBA00E9B192 /* ContentView.swift */,
				83CBBA121A601CBA00E9B192 /* ViewModel.swift */,
				83CBBA131A601CBA00E9B192 /* RTMifyBridge.swift */,
				83CBBA141A601CBA00E9B192 /* LicenseGateView.swift */,
				83CBBA151A601CBA00E9B192 /* DropZoneView.swift */,
				83CBBA161A601CBA00E9B192 /* DoneView.swift */,
				83CBBA171A601CBA00E9B192 /* rtmify-bridge.h */,
				83CBBA191A601CBA00E9B192 /* Assets.xcassets */,
				83CBBA181A601CBA00E9B192 /* Info.plist */,
			);
			path = "RTMify Trace";
			sourceTree = "<group>";
		};
		83CBBA061A601CBA00E9B192 /* Frameworks */ = {
			isa = PBXGroup;
			children = (
				83CBBA1A1A601CBA00E9B192 /* librtmify.a */,
			);
			name = Frameworks;
			sourceTree = "<group>";
		};
/* End PBXGroup section */

/* Begin PBXNativeTarget section */
		83CBB9F81A601CBA00E9B192 /* RTMify Trace */ = {
			isa = PBXNativeTarget;
			buildConfigurationList = 83CBB9FB1A601CBA00E9B192 /* Build configuration list for PBXNativeTarget "RTMify Trace" */;
			buildPhases = (
				83CBBA001A601CBA00E9B192 /* Sources */,
				83CBBA011A601CBA00E9B192 /* Frameworks */,
				83CBBA021A601CBA00E9B192 /* Resources */,
			);
			buildRules = (
			);
			dependencies = (
			);
			name = "RTMify Trace";
			productName = "RTMify Trace";
			productReference = 83CBBA1B1A601CBA00E9B192 /* RTMify Trace.app */;
			productType = "com.apple.product-type.application";
		};
/* End PBXNativeTarget section */

/* Begin PBXProject section */
		83CBB9F71A601CBA00E9B192 /* Project object */ = {
			isa = PBXProject;
			attributes = {
				BuildIndependentTargetsInParallel = 1;
				LastSwiftUpdateCheck = 1500;
				LastUpgradeCheck = 1500;
				TargetAttributes = {
					83CBB9F81A601CBA00E9B192 = {
						CreatedOnToolsVersion = 15.0;
					};
				};
			};
			buildConfigurationList = 83CBB9FA1A601CBA00E9B192 /* Build configuration list for PBXProject "RTMify Trace" */;
			compatibilityVersion = "Xcode 14.0";
			developmentRegion = en;
			hasScannedForEncodings = 0;
			knownRegions = (
				en,
				Base,
			);
			mainGroup = 83CBBA031A601CBA00E9B192;
			productRefGroup = 83CBBA041A601CBA00E9B192 /* Products */;
			projectDirPath = "";
			projectRoot = "";
			targets = (
				83CBB9F81A601CBA00E9B192 /* RTMify Trace */,
			);
		};
/* End PBXProject section */

/* Begin PBXResourcesBuildPhase section */
		83CBBA021A601CBA00E9B192 /* Resources */ = {
			isa = PBXResourcesBuildPhase;
			buildActionMask = 2147483647;
			files = (
				83CBBA281A601CBA00E9B192 /* Assets.xcassets in Resources */,
			);
			runOnlyForDeploymentPostprocessing = 0;
		};
/* End PBXResourcesBuildPhase section */

/* Begin PBXSourcesBuildPhase section */
		83CBBA001A601CBA00E9B192 /* Sources */ = {
			isa = PBXSourcesBuildPhase;
			buildActionMask = 2147483647;
			files = (
				83CBBA201A601CBA00E9B192 /* App.swift in Sources */,
				83CBBA211A601CBA00E9B192 /* ContentView.swift in Sources */,
				83CBBA221A601CBA00E9B192 /* ViewModel.swift in Sources */,
				83CBBA231A601CBA00E9B192 /* RTMifyBridge.swift in Sources */,
				83CBBA241A601CBA00E9B192 /* LicenseGateView.swift in Sources */,
				83CBBA251A601CBA00E9B192 /* DropZoneView.swift in Sources */,
				83CBBA261A601CBA00E9B192 /* DoneView.swift in Sources */,
			);
			runOnlyForDeploymentPostprocessing = 0;
		};
/* End PBXSourcesBuildPhase section */

/* Begin XCBuildConfiguration section */
		83CBB9FC1A601CBA00E9B192 /* Debug */ = {
			isa = XCBuildConfiguration;
			buildSettings = {
				ALWAYS_SEARCH_USER_PATHS = NO;
				ASSETCATALOG_COMPILER_GENERATE_SWIFT_ASSET_SYMBOL_EXTENSIONS = YES;
				CLANG_ANALYZER_NONNULL = YES;
				CLANG_ANALYZER_NUMBER_OBJECT_CONVERSION = YES_AGGRESSIVE;
				CLANG_CXX_LANGUAGE_STANDARD = "gnu++20";
				CLANG_ENABLE_MODULES = YES;
				CLANG_ENABLE_OBJC_ARC = YES;
				CLANG_ENABLE_OBJC_WEAK = YES;
				CLANG_WARN_BLOCK_CAPTURE_AUTORELEASING = YES;
				CLANG_WARN_BOOL_CONVERSION = YES;
				CLANG_WARN_COMMA = YES;
				CLANG_WARN_CONSTANT_CONVERSION = YES;
				CLANG_WARN_DEPRECATED_OBJC_IMPLEMENTATIONS = YES;
				CLANG_WARN_DIRECT_OBJC_ISA_USAGE = YES_ERROR;
				CLANG_WARN_DOCUMENTATION_COMMENTS = YES;
				CLANG_WARN_EMPTY_BODY = YES;
				CLANG_WARN_ENUM_CONVERSION = YES;
				CLANG_WARN_INFINITE_RECURSION = YES;
				CLANG_WARN_INT_CONVERSION = YES;
				CLANG_WARN_NON_LITERAL_NULL_CONVERSION = YES;
				CLANG_WARN_OBJC_IMPLICIT_RETAIN_SELF = YES;
				CLANG_WARN_OBJC_LITERAL_CONVERSION = YES;
				CLANG_WARN_OBJC_ROOT_CLASS = YES_ERROR;
				CLANG_WARN_QUOTED_INCLUDE_IN_FRAMEWORK_HEADER = YES;
				CLANG_WARN_RANGE_LOOP_ANALYSIS = YES;
				CLANG_WARN_STRICT_PROTOTYPES = YES;
				CLANG_WARN_SUSPICIOUS_MOVE = YES;
				CLANG_WARN_UNGUARDED_AVAILABILITY = YES_AGGRESSIVE;
				CLANG_WARN_UNREACHABLE_CODE = YES;
				CLANG_WARN__DUPLICATE_METHOD_MATCH = YES;
				COPY_PHASE_STRIP = NO;
				DEBUG_INFORMATION_FORMAT = dwarf;
				ENABLE_STRICT_OBJC_MSGSEND = YES;
				ENABLE_TESTABILITY = YES;
				ENABLE_USER_SCRIPT_SANDBOXING = YES;
				GCC_C_LANGUAGE_STANDARD = gnu17;
				GCC_DYNAMIC_NO_PIC = NO;
				GCC_NO_COMMON_BLOCKS = YES;
				GCC_OPTIMIZATION_LEVEL = 0;
				GCC_PREPROCESSOR_DEFINITIONS = (
					"DEBUG=1",
					"$(inherited)",
				);
				GCC_WARN_64_TO_32_BIT_CONVERSION = YES;
				GCC_WARN_ABOUT_RETURN_TYPE = YES_ERROR;
				GCC_WARN_UNDECLARED_SELECTOR = YES;
				GCC_WARN_UNINITIALIZED_AUTOS = YES_AGGRESSIVE;
				GCC_WARN_UNUSED_FUNCTION = YES;
				GCC_WARN_UNUSED_VARIABLE = YES;
				LOCALIZATION_PREFERS_STRING_CATALOGS = YES;
				MACOSX_DEPLOYMENT_TARGET = 13.0;
				MTL_ENABLE_DEBUG_INFO = INCLUDE_SOURCE;
				MTL_FAST_MATH = YES;
				ONLY_ACTIVE_ARCH = YES;
				SDKROOT = macosx;
				SWIFT_ACTIVE_COMPILATION_CONDITIONS = "DEBUG $(inherited)";
				SWIFT_OPTIMIZATION_LEVEL = "-Onone";
			};
			name = Debug;
		};
		83CBB9FD1A601CBA00E9B192 /* Release */ = {
			isa = XCBuildConfiguration;
			buildSettings = {
				ALWAYS_SEARCH_USER_PATHS = NO;
				ASSETCATALOG_COMPILER_GENERATE_SWIFT_ASSET_SYMBOL_EXTENSIONS = YES;
				CLANG_ANALYZER_NONNULL = YES;
				CLANG_ANALYZER_NUMBER_OBJECT_CONVERSION = YES_AGGRESSIVE;
				CLANG_CXX_LANGUAGE_STANDARD = "gnu++20";
				CLANG_ENABLE_MODULES = YES;
				CLANG_ENABLE_OBJC_ARC = YES;
				CLANG_ENABLE_OBJC_WEAK = YES;
				CLANG_WARN_BLOCK_CAPTURE_AUTORELEASING = YES;
				CLANG_WARN_BOOL_CONVERSION = YES;
				CLANG_WARN_COMMA = YES;
				CLANG_WARN_CONSTANT_CONVERSION = YES;
				CLANG_WARN_DEPRECATED_OBJC_IMPLEMENTATIONS = YES;
				CLANG_WARN_DIRECT_OBJC_ISA_USAGE = YES_ERROR;
				CLANG_WARN_DOCUMENTATION_COMMENTS = YES;
				CLANG_WARN_EMPTY_BODY = YES;
				CLANG_WARN_ENUM_CONVERSION = YES;
				CLANG_WARN_INFINITE_RECURSION = YES;
				CLANG_WARN_INT_CONVERSION = YES;
				CLANG_WARN_NON_LITERAL_NULL_CONVERSION = YES;
				CLANG_WARN_OBJC_IMPLICIT_RETAIN_SELF = YES;
				CLANG_WARN_OBJC_LITERAL_CONVERSION = YES;
				CLANG_WARN_OBJC_ROOT_CLASS = YES_ERROR;
				CLANG_WARN_QUOTED_INCLUDE_IN_FRAMEWORK_HEADER = YES;
				CLANG_WARN_RANGE_LOOP_ANALYSIS = YES;
				CLANG_WARN_STRICT_PROTOTYPES = YES;
				CLANG_WARN_SUSPICIOUS_MOVE = YES;
				CLANG_WARN_UNGUARDED_AVAILABILITY = YES_AGGRESSIVE;
				CLANG_WARN_UNREACHABLE_CODE = YES;
				CLANG_WARN__DUPLICATE_METHOD_MATCH = YES;
				COPY_PHASE_STRIP = NO;
				DEBUG_INFORMATION_FORMAT = "dwarf-with-dsym";
				ENABLE_NS_ASSERTIONS = NO;
				ENABLE_STRICT_OBJC_MSGSEND = YES;
				ENABLE_USER_SCRIPT_SANDBOXING = YES;
				GCC_C_LANGUAGE_STANDARD = gnu17;
				GCC_NO_COMMON_BLOCKS = YES;
				GCC_WARN_64_TO_32_BIT_CONVERSION = YES;
				GCC_WARN_ABOUT_RETURN_TYPE = YES_ERROR;
				GCC_WARN_UNDECLARED_SELECTOR = YES;
				GCC_WARN_UNINITIALIZED_AUTOS = YES_AGGRESSIVE;
				GCC_WARN_UNUSED_FUNCTION = YES;
				GCC_WARN_UNUSED_VARIABLE = YES;
				LOCALIZATION_PREFERS_STRING_CATALOGS = YES;
				MACOSX_DEPLOYMENT_TARGET = 13.0;
				MTL_FAST_MATH = YES;
				SDKROOT = macosx;
				SWIFT_COMPILATION_MODE = wholemodule;
				SWIFT_OPTIMIZATION_LEVEL = "-O";
			};
			name = Release;
		};
		83CBB9FE1A601CBA00E9B192 /* Debug */ = {
			isa = XCBuildConfiguration;
			buildSettings = {
				ASSETCATALOG_COMPILER_APPICON_NAME = AppIcon;
				ASSETCATALOG_COMPILER_GLOBAL_ACCENT_COLOR_NAME = AccentColor;
				CODE_SIGN_IDENTITY = "-";
				CODE_SIGN_STYLE = Manual;
				COMBINE_HIDPI_IMAGES = YES;
				CURRENT_PROJECT_VERSION = 1;
				DEVELOPMENT_TEAM = "";
				ENABLE_HARDENED_RUNTIME = NO;
				GENERATE_INFOPLIST_FILE = NO;
				INFOPLIST_FILE = "RTMify Trace/Info.plist";
				LIBRARY_SEARCH_PATHS = "$(SRCROOT)/lib";
				MARKETING_VERSION = 0.1;
				OTHER_LINKER_FLAGS = "-lrtmify";
				PRODUCT_BUNDLE_IDENTIFIER = "io.rtmify.trace";
				PRODUCT_NAME = "RTMify Trace";
				PROVISIONING_PROFILE_SPECIFIER = "";
				SWIFT_EMIT_LOC_STRINGS = YES;
				SWIFT_OBJC_BRIDGING_HEADER = "RTMify Trace/rtmify-bridge.h";
				SWIFT_VERSION = 5.9;
			};
			name = Debug;
		};
		83CBB9FF1A601CBA00E9B192 /* Release */ = {
			isa = XCBuildConfiguration;
			buildSettings = {
				ASSETCATALOG_COMPILER_APPICON_NAME = AppIcon;
				ASSETCATALOG_COMPILER_GLOBAL_ACCENT_COLOR_NAME = AccentColor;
				CODE_SIGN_IDENTITY = "-";
				CODE_SIGN_STYLE = Manual;
				COMBINE_HIDPI_IMAGES = YES;
				CURRENT_PROJECT_VERSION = 1;
				DEVELOPMENT_TEAM = "";
				ENABLE_HARDENED_RUNTIME = NO;
				GENERATE_INFOPLIST_FILE = NO;
				INFOPLIST_FILE = "RTMify Trace/Info.plist";
				LIBRARY_SEARCH_PATHS = "$(SRCROOT)/lib";
				MARKETING_VERSION = 0.1;
				OTHER_LINKER_FLAGS = "-lrtmify";
				PRODUCT_BUNDLE_IDENTIFIER = "io.rtmify.trace";
				PRODUCT_NAME = "RTMify Trace";
				PROVISIONING_PROFILE_SPECIFIER = "";
				SWIFT_EMIT_LOC_STRINGS = YES;
				SWIFT_OBJC_BRIDGING_HEADER = "RTMify Trace/rtmify-bridge.h";
				SWIFT_VERSION = 5.9;
			};
			name = Release;
		};
/* End XCBuildConfiguration section */

/* Begin XCConfigurationList section */
		83CBB9FA1A601CBA00E9B192 /* Build configuration list for PBXProject "RTMify Trace" */ = {
			isa = XCConfigurationList;
			buildConfigurations = (
				83CBB9FC1A601CBA00E9B192 /* Debug */,
				83CBB9FD1A601CBA00E9B192 /* Release */,
			);
			defaultConfigurationIsVisible = 0;
			defaultConfigurationName = Release;
		};
		83CBB9FB1A601CBA00E9B192 /* Build configuration list for PBXNativeTarget "RTMify Trace" */ = {
			isa = XCConfigurationList;
			buildConfigurations = (
				83CBB9FE1A601CBA00E9B192 /* Debug */,
				83CBB9FF1A601CBA00E9B192 /* Release */,
			);
			defaultConfigurationIsVisible = 0;
			defaultConfigurationName = Release;
		};
/* End XCConfigurationList section */

	};
	rootObject = 83CBB9F71A601CBA00E9B192 /* Project object */;
}
